
Microsoft Visual Studio Solution File, Format Version 12.00
# Visual Studio Version 17
VisualStudioVersion = 17.7.34031.279
MinimumVisualStudioVersion = 10.0.40219.1
Project("{FAE04EC0-301F-11D3-BF4B-00C04F79EFBC}") = "dotnetTaskTwo2", "dotnetTaskTwo2\dotnetTaskTwo2.csproj", "{0BE7E98B-C781-4254-B434-304665393F21}"
EndProject
Global
	GlobalSection(SolutionConfigurationPlatforms) = preSolution
		Debug|Any CPU = Debug|Any CPU
		Release|Any CPU = Release|Any CPU
	EndGlobalSection
	GlobalSection(ProjectConfigurationPlatforms) = postSolution
		{0BE7E98B-C781-4254-B434-304665393F21}.Debug|Any CPU.ActiveCfg = Debug|Any CPU
		{0BE7E98B-C781-4254-B434-304665393F21}.Debug|Any CPU.Build.0 = Debug|Any CPU
		{0BE7E98B-C781-4254-B434-304665393F21}.Release|Any CPU.ActiveCfg = Release|Any CPU
		{0BE7E98B-C781-4254-B434-304665393F21}.Release|Any CPU.Build.0 = Release|Any CPU
	EndGlobalSection
	GlobalSection(SolutionProperties) = preSolution
		HideSolutionNode = FALSE
	EndGlobalSection
	GlobalSection(ExtensibilityGlobals) = postSolution
		SolutionGuid = {15D32897-8C5A-47AE-B6B7-4434851793E8}
	EndGlobalSection
EndGlobal
